
Microsoft Visual Studio Solution File, Format Version 12.00
# Visual Studio Version 17
VisualStudioVersion = 17.0.31903.59
MinimumVisualStudioVersion = 10.0.40219.1
Project("{2150E333-8FDC-42A3-9474-1A3956D46DE8}") = "src", "src", "{827E0CD3-B72D-47B6-A68D-7590B98EB39B}"
EndProject
Project("{FAE04EC0-301F-11D3-BF4B-00C04F79EFBC}") = "Carteira.Api", "src\Carteira.Api\Carteira.Api.csproj", "{B8F7C758-C3E7-44B6-879F-D509DB606A57}"
EndProject
Project("{FAE04EC0-301F-11D3-BF4B-00C04F79EFBC}") = "Carteira.Application", "src\Carteira.Application\Carteira.Application.csproj", "{70143168-F455-4D18-AB78-6C49E5BD26AF}"
EndProject
Project("{FAE04EC0-301F-11D3-BF4B-00C04F79EFBC}") = "Carteira.Domain", "src\Carteira.Domain\Carteira.Domain.csproj", "{C4AFEB79-C881-49EF-A1DC-CF6E9524A633}"
EndProject
Project("{FAE04EC0-301F-11D3-BF4B-00C04F79EFBC}") = "Carteira.Infrastructure", "src\Carteira.Infrastructure\Carteira.Infrastructure.csproj", "{53A3ACC1-F03B-4C9D-AA7D-9372B4CD81F7}"
EndProject
Project("{2150E333-8FDC-42A3-9474-1A3956D46DE8}") = "tests", "tests", "{0AB3BF05-4346-4AA6-1389-037BE0695223}"
EndProject
Project("{FAE04EC0-301F-11D3-BF4B-00C04F79EFBC}") = "Carteira.Tests", "tests\Carteira.Tests\Carteira.Tests.csproj", "{F975DDDF-BCB6-4436-BF66-F70559A0D80E}"
EndProject
Global
	GlobalSection(SolutionConfigurationPlatforms) = preSolution
		Debug|Any CPU = Debug|Any CPU
		Debug|x64 = Debug|x64
		Debug|x86 = Debug|x86
		Release|Any CPU = Release|Any CPU
		Release|x64 = Release|x64
		Release|x86 = Release|x86
	EndGlobalSection
	GlobalSection(ProjectConfigurationPlatforms) = postSolution
		{B8F7C758-C3E7-44B6-879F-D509DB606A57}.Debug|Any CPU.ActiveCfg = Debug|Any CPU
		{B8F7C758-C3E7-44B6-879F-D509DB606A57}.Debug|Any CPU.Build.0 = Debug|Any CPU
		{B8F7C758-C3E7-44B6-879F-D509DB606A57}.Debug|x64.ActiveCfg = Debug|Any CPU
		{B8F7C758-C3E7-44B6-879F-D509DB606A57}.Debug|x64.Build.0 = Debug|Any CPU
		{B8F7C758-C3E7-44B6-879F-D509DB606A57}.Debug|x86.ActiveCfg = Debug|Any CPU
		{B8F7C758-C3E7-44B6-879F-D509DB606A57}.Debug|x86.Build.0 = Debug|Any CPU
		{B8F7C758-C3E7-44B6-879F-D509DB606A57}.Release|Any CPU.ActiveCfg = Release|Any CPU
		{B8F7C758-C3E7-44B6-879F-D509DB606A57}.Release|Any CPU.Build.0 = Release|Any CPU
		{B8F7C758-C3E7-44B6-879F-D509DB606A57}.Release|x64.ActiveCfg = Release|Any CPU
		{B8F7C758-C3E7-44B6-879F-D509DB606A57}.Release|x64.Build.0 = Release|Any CPU
		{B8F7C758-C3E7-44B6-879F-D509DB606A57}.Release|x86.ActiveCfg = Release|Any CPU
		{B8F7C758-C3E7-44B6-879F-D509DB606A57}.Release|x86.Build.0 = Release|Any CPU
		{70143168-F455-4D18-AB78-6C49E5BD26AF}.Debug|Any CPU.ActiveCfg = Debug|Any CPU
		{70143168-F455-4D18-AB78-6C49E5BD26AF}.Debug|Any CPU.Build.0 = Debug|Any CPU
		{70143168-F455-4D18-AB78-6C49E5BD26AF}.Debug|x64.ActiveCfg = Debug|Any CPU
		{70143168-F455-4D18-AB78-6C49E5BD26AF}.Debug|x64.Build.0 = Debug|Any CPU
		{70143168-F455-4D18-AB78-6C49E5BD26AF}.Debug|x86.ActiveCfg = Debug|Any CPU
		{70143168-F455-4D18-AB78-6C49E5BD26AF}.Debug|x86.Build.0 = Debug|Any CPU
		{70143168-F455-4D18-AB78-6C49E5BD26AF}.Release|Any CPU.ActiveCfg = Release|Any CPU
		{70143168-F455-4D18-AB78-6C49E5BD26AF}.Release|Any CPU.Build.0 = Release|Any CPU
		{70143168-F455-4D18-AB78-6C49E5BD26AF}.Release|x64.ActiveCfg = Release|Any CPU
		{70143168-F455-4D18-AB78-6C49E5BD26AF}.Release|x64.Build.0 = Release|Any CPU
		{70143168-F455-4D18-AB78-6C49E5BD26AF}.Release|x86.ActiveCfg = Release|Any CPU
		{70143168-F455-4D18-AB78-6C49E5BD26AF}.Release|x86.Build.0 = Release|Any CPU
		{C4AFEB79-C881-49EF-A1DC-CF6E9524A633}.Debug|Any CPU.ActiveCfg = Debug|Any CPU
		{C4AFEB79-C881-49EF-A1DC-CF6E9524A633}.Debug|Any CPU.Build.0 = Debug|Any CPU
		{C4AFEB79-C881-49EF-A1DC-CF6E9524A633}.Debug|x64.ActiveCfg = Debug|Any CPU
		{C4AFEB79-C881-49EF-A1DC-CF6E9524A633}.Debug|x64.Build.0 = Debug|Any CPU
		{C4AFEB79-C881-49EF-A1DC-CF6E9524A633}.Debug|x86.ActiveCfg = Debug|Any CPU
		{C4AFEB79-C881-49EF-A1DC-CF6E9524A633}.Debug|x86.Build.0 = Debug|Any CPU
		{C4AFEB79-C881-49EF-A1DC-CF6E9524A633}.Release|Any CPU.ActiveCfg = Release|Any CPU
		{C4AFEB79-C881-49EF-A1DC-CF6E9524A633}.Release|Any CPU.Build.0 = Release|Any CPU
		{C4AFEB79-C881-49EF-A1DC-CF6E9524A633}.Release|x64.ActiveCfg = Release|Any CPU
		{C4AFEB79-C881-49EF-A1DC-CF6E9524A633}.Release|x64.Build.0 = Release|Any CPU
		{C4AFEB79-C881-49EF-A1DC-CF6E9524A633}.Release|x86.ActiveCfg = Release|Any CPU
		{C4AFEB79-C881-49EF-A1DC-CF6E9524A633}.Release|x86.Build.0 = Release|Any CPU
		{53A3ACC1-F03B-4C9D-AA7D-9372B4CD81F7}.Debug|Any CPU.ActiveCfg = Debug|Any CPU
		{53A3ACC1-F03B-4C9D-AA7D-9372B4CD81F7}.Debug|Any CPU.Build.0 = Debug|Any CPU
		{53A3ACC1-F03B-4C9D-AA7D-9372B4CD81F7}.Debug|x64.ActiveCfg = Debug|Any CPU
		{53A3ACC1-F03B-4C9D-AA7D-9372B4CD81F7}.Debug|x64.Build.0 = Debug|Any CPU
		{53A3ACC1-F03B-4C9D-AA7D-9372B4CD81F7}.Debug|x86.ActiveCfg = Debug|Any CPU
		{53A3ACC1-F03B-4C9D-AA7D-9372B4CD81F7}.Debug|x86.Build.0 = Debug|Any CPU
		{53A3ACC1-F03B-4C9D-AA7D-9372B4CD81F7}.Release|Any CPU.ActiveCfg = Release|Any CPU
		{53A3ACC1-F03B-4C9D-AA7D-9372B4CD81F7}.Release|Any CPU.Build.0 = Release|Any CPU
		{53A3ACC1-F03B-4C9D-AA7D-9372B4CD81F7}.Release|x64.ActiveCfg = Release|Any CPU
		{53A3ACC1-F03B-4C9D-AA7D-9372B4CD81F7}.Release|x64.Build.0 = Release|Any CPU
		{53A3ACC1-F03B-4C9D-AA7D-9372B4CD81F7}.Release|x86.ActiveCfg = Release|Any CPU
		{53A3ACC1-F03B-4C9D-AA7D-9372B4CD81F7}.Release|x86.Build.0 = Release|Any CPU
		{F975DDDF-BCB6-4436-BF66-F70559A0D80E}.Debug|Any CPU.ActiveCfg = Debug|Any CPU
		{F975DDDF-BCB6-4436-BF66-F70559A0D80E}.Debug|Any CPU.Build.0 = Debug|Any CPU
		{F975DDDF-BCB6-4436-BF66-F70559A0D80E}.Debug|x64.ActiveCfg = Debug|Any CPU
		{F975DDDF-BCB6-4436-BF66-F70559A0D80E}.Debug|x64.Build.0 = Debug|Any CPU
		{F975DDDF-BCB6-4436-BF66-F70559A0D80E}.Debug|x86.ActiveCfg = Debug|Any CPU
		{F975DDDF-BCB6-4436-BF66-F70559A0D80E}.Debug|x86.Build.0 = Debug|Any CPU
		{F975DDDF-BCB6-4436-BF66-F70559A0D80E}.Release|Any CPU.ActiveCfg = Release|Any CPU
		{F975DDDF-BCB6-4436-BF66-F70559A0D80E}.Release|Any CPU.Build.0 = Release|Any CPU
		{F975DDDF-BCB6-4436-BF66-F70559A0D80E}.Release|x64.ActiveCfg = Release|Any CPU
		{F975DDDF-BCB6-4436-BF66-F70559A0D80E}.Release|x64.Build.0 = Release|Any CPU
		{F975DDDF-BCB6-4436-BF66-F70559A0D80E}.Release|x86.ActiveCfg = Release|Any CPU
		{F975DDDF-BCB6-4436-BF66-F70559A0D80E}.Release|x86.Build.0 = Release|Any CPU
	EndGlobalSection
	GlobalSection(SolutionProperties) = preSolution
		HideSolutionNode = FALSE
	EndGlobalSection
	GlobalSection(NestedProjects) = preSolution
		{B8F7C758-C3E7-44B6-879F-D509DB606A57} = {827E0CD3-B72D-47B6-A68D-7590B98EB39B}
		{70143168-F455-4D18-AB78-6C49E5BD26AF} = {827E0CD3-B72D-47B6-A68D-7590B98EB39B}
		{C4AFEB79-C881-49EF-A1DC-CF6E9524A633} = {827E0CD3-B72D-47B6-A68D-7590B98EB39B}
		{53A3ACC1-F03B-4C9D-AA7D-9372B4CD81F7} = {827E0CD3-B72D-47B6-A68D-7590B98EB39B}
		{F975DDDF-BCB6-4436-BF66-F70559A0D80E} = {0AB3BF05-4346-4AA6-1389-037BE0695223}
	EndGlobalSection
EndGlobal
